
Microsoft Visual Studio Solution File, Format Version 12.00
# Visual Studio Version 17
VisualStudioVersion = 17.2.32519.379
MinimumVisualStudioVersion = 10.0.40219.1
Project("{9A19103F-16F7-4668-BE54-9A1E7A4F7556}") = "HW2", "HW2.csproj", "{E22E7B23-8AE4-42EC-ABA6-68EA34250E22}"
EndProject
Project("{FAE04EC0-301F-11D3-BF4B-00C04F79EFBC}") = "TestProject1", "..\TestProject1\TestProject1.csproj", "{606FB71D-A361-48E1-A305-127580F8B7C1}"
EndProject
Global
	GlobalSection(SolutionConfigurationPlatforms) = preSolution
		Debug|Any CPU = Debug|Any CPU
		Release|Any CPU = Release|Any CPU
	EndGlobalSection
	GlobalSection(ProjectConfigurationPlatforms) = postSolution
		{E22E7B23-8AE4-42EC-ABA6-68EA34250E22}.Debug|Any CPU.ActiveCfg = Debug|Any CPU
		{E22E7B23-8AE4-42EC-ABA6-68EA34250E22}.Debug|Any CPU.Build.0 = Debug|Any CPU
		{E22E7B23-8AE4-42EC-ABA6-68EA34250E22}.Release|Any CPU.ActiveCfg = Release|Any CPU
		{E22E7B23-8AE4-42EC-ABA6-68EA34250E22}.Release|Any CPU.Build.0 = Release|Any CPU
		{606FB71D-A361-48E1-A305-127580F8B7C1}.Debug|Any CPU.ActiveCfg = Debug|Any CPU
		{606FB71D-A361-48E1-A305-127580F8B7C1}.Debug|Any CPU.Build.0 = Debug|Any CPU
		{606FB71D-A361-48E1-A305-127580F8B7C1}.Release|Any CPU.ActiveCfg = Release|Any CPU
		{606FB71D-A361-48E1-A305-127580F8B7C1}.Release|Any CPU.Build.0 = Release|Any CPU
	EndGlobalSection
	GlobalSection(SolutionProperties) = preSolution
		HideSolutionNode = FALSE
	EndGlobalSection
	GlobalSection(ExtensibilityGlobals) = postSolution
		SolutionGuid = {1BEDB578-0A3A-45FD-8AB4-7946714BE9F7}
	EndGlobalSection
EndGlobal
